
Microsoft Visual Studio Solution File, Format Version 12.00
# Visual Studio Version 16
VisualStudioVersion = 16.0.31729.503
MinimumVisualStudioVersion = 10.0.40219.1
Project("{FAE04EC0-301F-11D3-BF4B-00C04F79EFBC}") = "MovieTheatherManagement", "MovieTheatherManagement\MovieTheatherManagement.csproj", "{C8933084-4428-4090-A975-B2EEF3B6F47E}"
EndProject
Global
	GlobalSection(SolutionConfigurationPlatforms) = preSolution
		Debug|Any CPU = Debug|Any CPU
		Release|Any CPU = Release|Any CPU
	EndGlobalSection
	GlobalSection(ProjectConfigurationPlatforms) = postSolution
		{C8933084-4428-4090-A975-B2EEF3B6F47E}.Debug|Any CPU.ActiveCfg = Debug|Any CPU
		{C8933084-4428-4090-A975-B2EEF3B6F47E}.Debug|Any CPU.Build.0 = Debug|Any CPU
		{C8933084-4428-4090-A975-B2EEF3B6F47E}.Release|Any CPU.ActiveCfg = Release|Any CPU
		{C8933084-4428-4090-A975-B2EEF3B6F47E}.Release|Any CPU.Build.0 = Release|Any CPU
	EndGlobalSection
	GlobalSection(SolutionProperties) = preSolution
		HideSolutionNode = FALSE
	EndGlobalSection
	GlobalSection(ExtensibilityGlobals) = postSolution
		SolutionGuid = {6A6C2BE9-F95A-46BA-8B01-2FE1DB2C02F2}
	EndGlobalSection
EndGlobal
